%{"amqp_client": {:git, "https://github.com/jbrisbin/amqp_client.git", "a6d63fe202e4974e315f3e186d020fc7a780826b", []},
  "cbserverapi2": {:git, "https://github.com/redvers/cbserverapi2.git", "1f15d2e15baff158ef647243a7f552a3a6438e31", []},
  "exprotobuf": {:hex, :exprotobuf, "0.12.0"},
  "gpb": {:hex, :gpb, "3.18.10"},
  "gproc": {:hex, :gproc, "0.5.0"},
  "rabbit_common": {:git, "https://github.com/jbrisbin/rabbit_common.git", "eea16abd375981d16595d2cefaac893c7281187b", [tag: "rabbitmq-3.5.6"]},
  "yamerl": {:git, "https://github.com/yakaz/yamerl", "ae810a808817d9482b4628ae3e20d746e3729fe0", []}}
