%{"amqp_client": {:git, "https://github.com/jbrisbin/amqp_client.git", "a6d63fe202e4974e315f3e186d020fc7a780826b", []},
  "bbmustache": {:hex, :bbmustache, "1.0.4"},
  "cbserverapi2": {:git, "https://github.com/redvers/cbserverapi2.git", "1f15d2e15baff158ef647243a7f552a3a6438e31", []},
  "cf": {:hex, :cf, "0.2.1"},
  "eep": {:git, "https://github.com/virtan/eep.git", "00f57b15477ba16cf3235e093de843205787442d", []},
  "erlware_commons": {:hex, :erlware_commons, "0.19.0"},
  "exprotobuf": {:hex, :exprotobuf, "0.12.0"},
  "exrm": {:hex, :exrm, "1.0.2"},
  "getopt": {:hex, :getopt, "0.8.2"},
  "gpb": {:hex, :gpb, "3.18.10"},
  "gproc": {:hex, :gproc, "0.5.0"},
  "providers": {:hex, :providers, "1.6.0"},
  "rabbit_common": {:git, "https://github.com/jbrisbin/rabbit_common.git", "eea16abd375981d16595d2cefaac893c7281187b", [tag: "rabbitmq-3.5.6"]},
  "recon": {:hex, :recon, "2.2.1"},
  "relx": {:hex, :relx, "3.18.0"},
  "yamerl": {:git, "https://github.com/yakaz/yamerl", "ae810a808817d9482b4628ae3e20d746e3729fe0", []}}
